# THIS IS AN AUTOGENERATED FILE. DO NOT EDIT THIS FILE DIRECTLY.
# yarn lockfile v1


"@antfu/utils@^0.3.0":
  version "0.3.0"
  resolved "https://mirrors.tencent.com/npm/@antfu%2futils/-/utils-0.3.0.tgz#6306c43b52a883bd8e973e3ed8dd64248418bcc4"
  integrity sha512-UU8TLr/EoXdg7OjMp0h9oDoIAVr+Z/oW9cpOxQQyrsz6Qzd2ms/1CdWx8fl2OQdFpxGmq5Vc4TwfLHId6nAZjA==
  dependencies:
    "@types/throttle-debounce" "^2.1.0"

"@babel/parser@^7.15.0", "@babel/parser@^7.16.4":
  version "7.16.7"
  resolved "https://mirrors.tencent.com/npm/@babel%2fparser/-/parser-7.16.7.tgz#d372dda9c89fcec340a82630a9f533f2fe15877e"
  integrity sha512-sR4eaSrnM7BV7QPzGfEX5paG/6wrZM3I0HDzfIAK06ESvo9oy3xBuVBxE3MbQaKNhvg8g/ixjMWo2CGpzpHsDA==

"@ctrl/tinycolor@^3.4.0":
  version "3.4.0"
  resolved "https://mirrors.tencent.com/npm/@ctrl%2ftinycolor/-/tinycolor-3.4.0.tgz#c3c5ae543c897caa9c2a68630bed355be5f9990f"
  integrity sha512-JZButFdZ1+/xAfpguQHoabIXkcqRRKpMrWKBkpEZZyxfY9C1DpADFB8PEqGSTeFr135SaTRfKqGKx5xSCLI7ZQ==

"@element-plus/icons-vue@^0.2.4":
  version "0.2.4"
  resolved "https://mirrors.tencent.com/npm/@element-plus%2ficons-vue/-/icons-vue-0.2.4.tgz#dadcf72f0cea53dc83b7b7db80e1418716d7b02c"
  integrity sha512-RsJNyL58rwxtsjeMy34o8txkL6UlME1stWsUlRpTac6UE9Bx9gdJvnDXbIKhOJqBLX17fBjmposdrn6VTqim2w==

"@element-plus/icons@0.0.11":
  version "0.0.11"
  resolved "https://mirrors.tencent.com/npm/@element-plus%2ficons/-/icons-0.0.11.tgz#9b187c002774548b911850d17fa5fc2f9a515f57"
  integrity sha512-iKQXSxXu131Ai+I9Ymtcof9WId7kaXvB1+WRfAfpQCW7UiAMYgdNDqb/u0hgTo2Yq3MwC4MWJnNuTBEpG8r7+A==

"@popperjs/core@^2.10.2":
  version "2.11.0"
  resolved "https://mirrors.tencent.com/npm/@popperjs%2fcore/-/core-2.11.0.tgz#6734f8ebc106a0860dff7f92bf90df193f0935d7"
  integrity sha512-zrsUxjLOKAzdewIDRWy9nsV1GQsKBCWaGwsZQlCgr6/q+vjyZhFgqedLfFBuI9anTPEUT4APq9Mu0SZBTzIcGQ==

"@rollup/pluginutils@^4.1.1":
  version "4.1.2"
  resolved "https://mirrors.tencent.com/npm/@rollup%2fpluginutils/-/pluginutils-4.1.2.tgz#ed5821c15e5e05e32816f5fb9ec607cdf5a75751"
  integrity sha512-ROn4qvkxP9SyPeHaf7uQC/GPFY6L/OWy9+bd9AwcjOAWQwxRscoEyAUD8qCY5o5iL4jqQwoLk2kaTKJPb/HwzQ==
  dependencies:
    estree-walker "^2.0.1"
    picomatch "^2.2.2"

"@types/throttle-debounce@^2.1.0":
  version "2.1.0"
  resolved "https://mirrors.tencent.com/npm/@types%2fthrottle-debounce/-/throttle-debounce-2.1.0.tgz#1c3df624bfc4b62f992d3012b84c56d41eab3776"
  integrity sha512-5eQEtSCoESnh2FsiLTxE121IiE60hnMqcb435fShf4bpLRjEu1Eoekht23y6zXS9Ts3l+Szu3TARnTsA0GkOkQ==

"@vitejs/plugin-vue@1.9.4":
  version "1.9.4"
  resolved "https://mirrors.tencent.com/npm/@vitejs%2fplugin-vue/-/plugin-vue-1.9.4.tgz#4f48485432cbb986a9fb9d254dc33ce30ddccbfa"
  integrity sha512-0CZqaCoChriPTTtGkERy1LGPcYjGFpi2uYRhBPIkqJqUGV5JnJFhQAgh6oH9j5XZHfrRaisX8W0xSpO4T7S78A==

"@vue/compiler-core@3.2.22":
  version "3.2.22"
  resolved "https://mirrors.tencent.com/npm/@vue%2fcompiler-core/-/compiler-core-3.2.22.tgz#5e3d3b983cc7f430ddbc6a8773c872dcf410dc89"
  integrity sha512-uAkovrVeTcjzpiM4ECmVaMrv/bjdgAaLzvjcGqQPBEyUrcqsCgccT9fHJ/+hWVGhyMahmBwLqcn4guULNx7sdw==
  dependencies:
    "@babel/parser" "^7.15.0"
    "@vue/shared" "3.2.22"
    estree-walker "^2.0.2"
    source-map "^0.6.1"

"@vue/compiler-core@3.2.26":
  version "3.2.26"
  resolved "https://mirrors.tencent.com/npm/@vue%2fcompiler-core/-/compiler-core-3.2.26.tgz#9ab92ae624da51f7b6064f4679c2d4564f437cc8"
  integrity sha512-N5XNBobZbaASdzY9Lga2D9Lul5vdCIOXvUMd6ThcN8zgqQhPKfCV+wfAJNNJKQkSHudnYRO2gEB+lp0iN3g2Tw==
  dependencies:
    "@babel/parser" "^7.16.4"
    "@vue/shared" "3.2.26"
    estree-walker "^2.0.2"
    source-map "^0.6.1"

"@vue/compiler-dom@3.2.22":
  version "3.2.22"
  resolved "https://mirrors.tencent.com/npm/@vue%2fcompiler-dom/-/compiler-dom-3.2.22.tgz#221cc358a6c0651c04e1dd22a8470b21e56ee1a5"
  integrity sha512-VZdsw/VuO1ODs8K7NQwnMQzKITDkIFlYYC03SVnunuf6eNRxBPEonSyqbWNoo6qNaHAEBTG6VVcZC5xC9bAx1g==
  dependencies:
    "@vue/compiler-core" "3.2.22"
    "@vue/shared" "3.2.22"

"@vue/compiler-dom@3.2.26":
  version "3.2.26"
  resolved "https://mirrors.tencent.com/npm/@vue%2fcompiler-dom/-/compiler-dom-3.2.26.tgz#c7a7b55d50a7b7981dd44fc28211df1450482667"
  integrity sha512-smBfaOW6mQDxcT3p9TKT6mE22vjxjJL50GFVJiI0chXYGU/xzC05QRGrW3HHVuJrmLTLx5zBhsZ2dIATERbarg==
  dependencies:
    "@vue/compiler-core" "3.2.26"
    "@vue/shared" "3.2.26"

"@vue/compiler-sfc@3.2.22":
  version "3.2.22"
  resolved "https://mirrors.tencent.com/npm/@vue%2fcompiler-sfc/-/compiler-sfc-3.2.22.tgz#ffd0e5e35479b6ade18d12fefec369cbaf2f7718"
  integrity sha512-tWRQ5ge1tsTDhUwHgueicKJ8rYm6WUVAPTaIpFW3GSwZKcOEJ2rXdfkHFShNVGupeRALz2ET2H84OL0GeRxY0A==
  dependencies:
    "@babel/parser" "^7.15.0"
    "@vue/compiler-core" "3.2.22"
    "@vue/compiler-dom" "3.2.22"
    "@vue/compiler-ssr" "3.2.22"
    "@vue/ref-transform" "3.2.22"
    "@vue/shared" "3.2.22"
    estree-walker "^2.0.2"
    magic-string "^0.25.7"
    postcss "^8.1.10"
    source-map "^0.6.1"

"@vue/compiler-sfc@^3.2.6":
  version "3.2.26"
  resolved "https://mirrors.tencent.com/npm/@vue%2fcompiler-sfc/-/compiler-sfc-3.2.26.tgz#3ce76677e4aa58311655a3bea9eb1cb804d2273f"
  integrity sha512-ePpnfktV90UcLdsDQUh2JdiTuhV0Skv2iYXxfNMOK/F3Q+2BO0AulcVcfoksOpTJGmhhfosWfMyEaEf0UaWpIw==
  dependencies:
    "@babel/parser" "^7.16.4"
    "@vue/compiler-core" "3.2.26"
    "@vue/compiler-dom" "3.2.26"
    "@vue/compiler-ssr" "3.2.26"
    "@vue/reactivity-transform" "3.2.26"
    "@vue/shared" "3.2.26"
    estree-walker "^2.0.2"
    magic-string "^0.25.7"
    postcss "^8.1.10"
    source-map "^0.6.1"

"@vue/compiler-ssr@3.2.22":
  version "3.2.22"
  resolved "https://mirrors.tencent.com/npm/@vue%2fcompiler-ssr/-/compiler-ssr-3.2.22.tgz#23552c31b76b45baf5f244713c81d77ab59447d2"
  integrity sha512-Cl6aoLJtXzzBkk1sKod8S0WBJLts3+ugVC91d22gGpbkw/64WnF12tOZi7Rg54PPLi1NovqyNWPsLH/SAFcu+w==
  dependencies:
    "@vue/compiler-dom" "3.2.22"
    "@vue/shared" "3.2.22"

"@vue/compiler-ssr@3.2.26":
  version "3.2.26"
  resolved "https://mirrors.tencent.com/npm/@vue%2fcompiler-ssr/-/compiler-ssr-3.2.26.tgz#fd049523341fbf4ab5e88e25eef566d862894ba7"
  integrity sha512-2mywLX0ODc4Zn8qBoA2PDCsLEZfpUGZcyoFRLSOjyGGK6wDy2/5kyDOWtf0S0UvtoyVq95OTSGIALjZ4k2q/ag==
  dependencies:
    "@vue/compiler-dom" "3.2.26"
    "@vue/shared" "3.2.26"

"@vue/devtools-api@^6.0.0-beta.11", "@vue/devtools-api@^6.0.0-beta.18":
  version "6.0.0-beta.21.1"
  resolved "https://mirrors.tencent.com/npm/@vue%2fdevtools-api/-/devtools-api-6.0.0-beta.21.1.tgz#f1410f53c42aa67fa3b01ca7bdba891f69d7bc97"
  integrity sha512-FqC4s3pm35qGVeXRGOjTsRzlkJjrBLriDS9YXbflHLsfA9FrcKzIyWnLXoNm+/7930E8rRakXuAc2QkC50swAw==

"@vue/reactivity-transform@3.2.26":
  version "3.2.26"
  resolved "https://mirrors.tencent.com/npm/@vue%2freactivity-transform/-/reactivity-transform-3.2.26.tgz#6d8f20a4aa2d19728f25de99962addbe7c4d03e9"
  integrity sha512-XKMyuCmzNA7nvFlYhdKwD78rcnmPb7q46uoR00zkX6yZrUmcCQ5OikiwUEVbvNhL5hBJuvbSO95jB5zkUon+eQ==
  dependencies:
    "@babel/parser" "^7.16.4"
    "@vue/compiler-core" "3.2.26"
    "@vue/shared" "3.2.26"
    estree-walker "^2.0.2"
    magic-string "^0.25.7"

"@vue/reactivity@3.2.22":
  version "3.2.22"
  resolved "https://mirrors.tencent.com/npm/@vue%2freactivity/-/reactivity-3.2.22.tgz#88655c0b4febc561136e6550e329039f860caa0a"
  integrity sha512-xNkLAItjI0xB+lFeDgKCrSItmrHTaAzSnt8LmdSCPQnDyarmzbi/u4ESQnckWvlL7lSRKiEaOvblaNyqAa7OnQ==
  dependencies:
    "@vue/shared" "3.2.22"

"@vue/ref-transform@3.2.22":
  version "3.2.22"
  resolved "https://mirrors.tencent.com/npm/@vue%2fref-transform/-/ref-transform-3.2.22.tgz#16b03994eac71528cceff4cf76178ed9b44ac90a"
  integrity sha512-qalVWbq5xWWxLZ0L9OroBg/JZhzavQuCcDXblfErxyDEH6Xc5gIJ4feo1SVCICFzhAUgLgQTdSFLpgjBawbFpw==
  dependencies:
    "@babel/parser" "^7.15.0"
    "@vue/compiler-core" "3.2.22"
    "@vue/shared" "3.2.22"
    estree-walker "^2.0.2"
    magic-string "^0.25.7"

"@vue/runtime-core@3.2.22":
  version "3.2.22"
  resolved "https://mirrors.tencent.com/npm/@vue%2fruntime-core/-/runtime-core-3.2.22.tgz#111f1bc97f20249e05ca2189856d99c82d72de32"
  integrity sha512-e7WOC55wmHPvmoVUk9VBe/Z9k5bJfWJfVIlkUkiADJn0bOgQD29oh/GS14Kb3aEJXIHLI17Em6+HxNut1sIh7Q==
  dependencies:
    "@vue/reactivity" "3.2.22"
    "@vue/shared" "3.2.22"

"@vue/runtime-dom@3.2.22":
  version "3.2.22"
  resolved "https://mirrors.tencent.com/npm/@vue%2fruntime-dom/-/runtime-dom-3.2.22.tgz#c11d75dd51375ee4c74e339f6523ca05e37faa37"
  integrity sha512-w7VHYJoliLRTLc5beN77wxuOjla4v9wr2FF22xpZFYBmH4U1V7HkYhoHc1BTuNghI15CXT1tNIMhibI1nrQgdw==
  dependencies:
    "@vue/runtime-core" "3.2.22"
    "@vue/shared" "3.2.22"
    csstype "^2.6.8"

"@vue/server-renderer@3.2.22":
  version "3.2.22"
  resolved "https://mirrors.tencent.com/npm/@vue%2fserver-renderer/-/server-renderer-3.2.22.tgz#049c91a495cb0fcdac02dec485c31cb99410885f"
  integrity sha512-jCwbQgKPXiXoH9VS9F7K+gyEvEMrjutannwEZD1R8fQ9szmOTqC+RRbIY3Uf2ibQjZtZ8DV9a4FjxICvd9zZlQ==
  dependencies:
    "@vue/compiler-ssr" "3.2.22"
    "@vue/shared" "3.2.22"

"@vue/shared@3.2.22":
  version "3.2.22"
  resolved "https://mirrors.tencent.com/npm/@vue%2fshared/-/shared-3.2.22.tgz#26dcbe5e530f6c1f2de5ca9aeab92ab00f523b41"
  integrity sha512-qWVav014mpjEtbWbEgl0q9pEyrrIySKum8UVYjwhC6njrKzknLZPvfuYdQyVbApsqr94tf/3dP4pCuZmmjdCWQ==

"@vue/shared@3.2.26":
  version "3.2.26"
  resolved "https://mirrors.tencent.com/npm/@vue%2fshared/-/shared-3.2.26.tgz#7acd1621783571b9a82eca1f041b4a0a983481d9"
  integrity sha512-vPV6Cq+NIWbH5pZu+V+2QHE9y1qfuTq49uNWw4f7FDEeZaDU2H2cx5jcUZOAKW7qTrUS4k6qZPbMy1x4N96nbA==

"@vueuse/core@^7.3.0":
  version "7.5.1"
  resolved "https://mirrors.tencent.com/npm/@vueuse%2fcore/-/core-7.5.1.tgz#3038a0ca6e16f6885d2457778260712180422526"
  integrity sha512-GczfdTWqH483zkUHdDYiLm0Tn51OtsQXYc+eBKKIeolh0mgn682KbSYmkrjNytaF7qGc74YxMDAYjkPBW6V2Pg==
  dependencies:
    "@vueuse/shared" "7.5.1"
    vue-demi "*"

"@vueuse/shared@7.5.1":
  version "7.5.1"
  resolved "https://mirrors.tencent.com/npm/@vueuse%2fshared/-/shared-7.5.1.tgz#d88a8d8a4799c30e7dd4f965808e78b3793c3da6"
  integrity sha512-zMQEuYJyTmr5Hj2rYgSbb4H/cSI8mdaa9dUuw20j6rPV+xLV11y7vCyIkxo31uODDr0p77FMlProKzNDiK9rAA==
  dependencies:
    vue-demi "*"

ansi-styles@^4.1.0:
  version "4.3.0"
  resolved "https://mirrors.tencent.com/npm/ansi-styles/-/ansi-styles-4.3.0.tgz#edd803628ae71c04c85ae7a0906edad34b648937"
  integrity sha512-zbB9rCJAT1rbjiVDb2hqKFHNYLxgtk8NURxZ3IZwD3F6NtxbXZQCnnSi1Lkx+IDohdPlFp222wVALIheZJQSEg==
  dependencies:
    color-convert "^2.0.1"

anymatch@~3.1.2:
  version "3.1.2"
  resolved "https://mirrors.tencent.com/npm/anymatch/-/anymatch-3.1.2.tgz#c0557c096af32f106198f4f4e2a383537e378716"
  integrity sha512-P43ePfOAIupkguHUycrc4qJ9kz8ZiuOUijaETwX7THt0Y/GNK7v0aa8rY816xWjZ7rJdA5XdMcpVFTKMq+RvWg==
  dependencies:
    normalize-path "^3.0.0"
    picomatch "^2.0.4"

async-validator@^4.0.7:
  version "4.0.7"
  resolved "https://mirrors.tencent.com/npm/async-validator/-/async-validator-4.0.7.tgz#034a0fd2103a6b2ebf010da75183bec299247afe"
  integrity sha512-Pj2IR7u8hmUEDOwB++su6baaRi+QvsgajuFB9j95foM1N2gy5HM4z60hfusIO0fBPG5uLAEl6yCJr1jNSVugEQ==

axios@0.24.0:
  version "0.24.0"
  resolved "https://mirrors.tencent.com/npm/axios/-/axios-0.24.0.tgz#804e6fa1e4b9c5288501dd9dff56a7a0940d20d6"
  integrity sha512-Q6cWsys88HoPgAaFAVUb0WpPk0O8iTeisR9IMqy9G8AbO4NlpVknrnQS03zzF9PGAWgO3cgletO3VjV/P7VztA==
  dependencies:
    follow-redirects "^1.14.4"

binary-extensions@^2.0.0:
  version "2.2.0"
  resolved "https://mirrors.tencent.com/npm/binary-extensions/-/binary-extensions-2.2.0.tgz#75f502eeaf9ffde42fc98829645be4ea76bd9e2d"
  integrity sha512-jDctJ/IVQbZoJykoeHbhXpOlNBqGNcwXJKJog42E5HDPUwQTSdjCHdihjj0DlnheQ7blbT6dHOafNAiS8ooQKA==

braces@~3.0.2:
  version "3.0.2"
  resolved "https://mirrors.tencent.com/npm/braces/-/braces-3.0.2.tgz#3454e1a462ee8d599e236df336cd9ea4f8afe107"
  integrity sha512-b8um+L1RzM3WDSzvhm6gIz1yfTbBt6YTlcEKAvsmqCZZFw46z626lVj9j1yEPW33H5H+lBQpZMP1k8l+78Ha0A==
  dependencies:
    fill-range "^7.0.1"

builtins@^4.0.0:
  version "4.0.0"
  resolved "https://mirrors.tencent.com/npm/builtins/-/builtins-4.0.0.tgz#a8345420de82068fdc4d6559d0456403a8fb1905"
  integrity sha512-qC0E2Dxgou1IHhvJSLwGDSTvokbRovU5zZFuDY6oY8Y2lF3nGt5Ad8YZK7GMtqzY84Wu7pXTPeHQeHcXSXsRhw==
  dependencies:
    semver "^7.0.0"

chalk@^4.1.2:
  version "4.1.2"
  resolved "https://mirrors.tencent.com/npm/chalk/-/chalk-4.1.2.tgz#aac4e2b7734a740867aeb16bf02aad556a1e7a01"
  integrity sha512-oKnbhFyRIXpUuez8iBMmyEa4nbj4IOQyuhc/wy9kY7/WVPcwIO9VA668Pu8RkO7+0G76SLROeyw9CpQ061i4mA==
  dependencies:
    ansi-styles "^4.1.0"
    supports-color "^7.1.0"

"chokidar@>=3.0.0 <4.0.0":
  version "3.5.2"
  resolved "https://mirrors.tencent.com/npm/chokidar/-/chokidar-3.5.2.tgz#dba3976fcadb016f66fd365021d91600d01c1e75"
  integrity sha512-ekGhOnNVPgT77r4K/U3GDhu+FQ2S8TnK/s2KbIGXi0SZWuwkZ2QNyfWdZW+TVfn84DpEP7rLeCt2UI6bJ8GwbQ==
  dependencies:
    anymatch "~3.1.2"
    braces "~3.0.2"
    glob-parent "~5.1.2"
    is-binary-path "~2.1.0"
    is-glob "~4.0.1"
    normalize-path "~3.0.0"
    readdirp "~3.6.0"
  optionalDependencies:
    fsevents "~2.3.2"

color-convert@^2.0.1:
  version "2.0.1"
  resolved "https://mirrors.tencent.com/npm/color-convert/-/color-convert-2.0.1.tgz#72d3a68d598c9bdb3af2ad1e84f21d896abd4de3"
  integrity sha512-RRECPsj7iu/xb5oKYcsFHSppFNnsj/52OVTRKb4zP5onXwVF3zVmmToNcOfGC+CRDpfK/U584fMg38ZHCaElKQ==
  dependencies:
    color-name "~1.1.4"

color-name@~1.1.4:
  version "1.1.4"
  resolved "https://mirrors.tencent.com/npm/color-name/-/color-name-1.1.4.tgz#c2a09a87acbde69543de6f63fa3995c826c536a2"
  integrity sha512-dOy+3AuW3a2wNbZHIuMZpTcgjGuLU/uBL/ubcZF9OXbDo8ff4O8yVp5Bf0efS8uEoYo5q4Fx7dY9OgQGXgAsQA==

csstype@^2.6.8:
  version "2.6.19"
  resolved "https://mirrors.tencent.com/npm/csstype/-/csstype-2.6.19.tgz#feeb5aae89020bb389e1f63669a5ed490e391caa"
  integrity sha512-ZVxXaNy28/k3kJg0Fou5MiYpp88j7H9hLZp8PDC3jV0WFjfH5E9xHb56L0W59cPbKbcHXeP4qyT8PrHp8t6LcQ==

dayjs@^1.10.7:
  version "1.10.7"
  resolved "https://mirrors.tencent.com/npm/dayjs/-/dayjs-1.10.7.tgz#2cf5f91add28116748440866a0a1d26f3a6ce468"
  integrity sha512-P6twpd70BcPK34K26uJ1KT3wlhpuOAPoMwJzpsIWUxHZ7wpmbdZL/hQqBDfz7hGurYSa5PhzdhDHtt319hL3ig==

debug@^4.3.2:
  version "4.3.3"
  resolved "https://mirrors.tencent.com/npm/debug/-/debug-4.3.3.tgz#04266e0b70a98d4462e6e288e38259213332b664"
  integrity sha512-/zxw5+vh1Tfv+4Qn7a5nsbcJKPaSvCDhojn6FEl9vupwK2VCSDtEiEtqr8DFtzYFOdz63LBkxec7DYuc2jon6Q==
  dependencies:
    ms "2.1.2"

echarts@5.2.1:
  version "5.2.1"
  resolved "https://mirrors.tencent.com/npm/echarts/-/echarts-5.2.1.tgz#bd58ec011cd82def4a714e4038ef4b73b8417bc3"
  integrity sha512-OJ79b22eqRfbSV8vYmDKmA+XWfNbr0Uk/OafWcFNIGDWti2Uw9A6eVCiJLmqPa9Sk+EWL+t5v26aak0z3gxiZw==
  dependencies:
    tslib "2.3.0"
    zrender "5.2.1"

element-plus@1.3.0-beta.1:
  version "1.3.0-beta.1"
  resolved "https://mirrors.tencent.com/npm/element-plus/-/element-plus-1.3.0-beta.1.tgz#4df67fcedb0c13d14c9f54eea7b739109f5df49f"
  integrity sha512-q3vMaKElPpuSTeIF7kuDmMOE+N1YVCCIG3fshXpz6qgjnxPbgZumVM0qGfhr8DTu9JxRbBoDok49dqtX/BWn3w==
  dependencies:
    "@ctrl/tinycolor" "^3.4.0"
    "@element-plus/icons-vue" "^0.2.4"
    "@popperjs/core" "^2.10.2"
    "@vueuse/core" "^7.3.0"
    async-validator "^4.0.7"
    dayjs "^1.10.7"
    lodash "^4.17.21"
    memoize-one "^6.0.0"
    normalize-wheel-es "^1.1.1"

esbuild-android-arm64@0.13.15:
  version "0.13.15"
  resolved "https://mirrors.tencent.com/npm/esbuild-android-arm64/-/esbuild-android-arm64-0.13.15.tgz#3fc3ff0bab76fe35dd237476b5d2b32bb20a3d44"
  integrity sha512-m602nft/XXeO8YQPUDVoHfjyRVPdPgjyyXOxZ44MK/agewFFkPa8tUo6lAzSWh5Ui5PB4KR9UIFTSBKh/RrCmg==

esbuild-darwin-64@0.13.15:
  version "0.13.15"
  resolved "https://mirrors.tencent.com/npm/esbuild-darwin-64/-/esbuild-darwin-64-0.13.15.tgz#8e9169c16baf444eacec60d09b24d11b255a8e72"
  integrity sha512-ihOQRGs2yyp7t5bArCwnvn2Atr6X4axqPpEdCFPVp7iUj4cVSdisgvEKdNR7yH3JDjW6aQDw40iQFoTqejqxvQ==

esbuild-darwin-arm64@0.13.15:
  version "0.13.15"
  resolved "https://mirrors.tencent.com/npm/esbuild-darwin-arm64/-/esbuild-darwin-arm64-0.13.15.tgz#1b07f893b632114f805e188ddfca41b2b778229a"
  integrity sha512-i1FZssTVxUqNlJ6cBTj5YQj4imWy3m49RZRnHhLpefFIh0To05ow9DTrXROTE1urGTQCloFUXTX8QfGJy1P8dQ==

esbuild-freebsd-64@0.13.15:
  version "0.13.15"
  resolved "https://mirrors.tencent.com/npm/esbuild-freebsd-64/-/esbuild-freebsd-64-0.13.15.tgz#0b8b7eca1690c8ec94c75680c38c07269c1f4a85"
  integrity sha512-G3dLBXUI6lC6Z09/x+WtXBXbOYQZ0E8TDBqvn7aMaOCzryJs8LyVXKY4CPnHFXZAbSwkCbqiPuSQ1+HhrNk7EA==

esbuild-freebsd-arm64@0.13.15:
  version "0.13.15"
  resolved "https://mirrors.tencent.com/npm/esbuild-freebsd-arm64/-/esbuild-freebsd-arm64-0.13.15.tgz#2e1a6c696bfdcd20a99578b76350b41db1934e52"
  integrity sha512-KJx0fzEDf1uhNOZQStV4ujg30WlnwqUASaGSFPhznLM/bbheu9HhqZ6mJJZM32lkyfGJikw0jg7v3S0oAvtvQQ==

esbuild-linux-32@0.13.15:
  version "0.13.15"
  resolved "https://mirrors.tencent.com/npm/esbuild-linux-32/-/esbuild-linux-32-0.13.15.tgz#6fd39f36fc66dd45b6b5f515728c7bbebc342a69"
  integrity sha512-ZvTBPk0YWCLMCXiFmD5EUtB30zIPvC5Itxz0mdTu/xZBbbHJftQgLWY49wEPSn2T/TxahYCRDWun5smRa0Tu+g==

esbuild-linux-64@0.13.15:
  version "0.13.15"
  resolved "https://mirrors.tencent.com/npm/esbuild-linux-64/-/esbuild-linux-64-0.13.15.tgz#9cb8e4bcd7574e67946e4ee5f1f1e12386bb6dd3"
  integrity sha512-eCKzkNSLywNeQTRBxJRQ0jxRCl2YWdMB3+PkWFo2BBQYC5mISLIVIjThNtn6HUNqua1pnvgP5xX0nHbZbPj5oA==

esbuild-linux-arm64@0.13.15:
  version "0.13.15"
  resolved "https://mirrors.tencent.com/npm/esbuild-linux-arm64/-/esbuild-linux-arm64-0.13.15.tgz#3891aa3704ec579a1b92d2a586122e5b6a2bfba1"
  integrity sha512-bYpuUlN6qYU9slzr/ltyLTR9YTBS7qUDymO8SV7kjeNext61OdmqFAzuVZom+OLW1HPHseBfJ/JfdSlx8oTUoA==

esbuild-linux-arm@0.13.15:
  version "0.13.15"
  resolved "https://mirrors.tencent.com/npm/esbuild-linux-arm/-/esbuild-linux-arm-0.13.15.tgz#8a00e99e6a0c6c9a6b7f334841364d8a2b4aecfe"
  integrity sha512-wUHttDi/ol0tD8ZgUMDH8Ef7IbDX+/UsWJOXaAyTdkT7Yy9ZBqPg8bgB/Dn3CZ9SBpNieozrPRHm0BGww7W/jA==

esbuild-linux-mips64le@0.13.15:
  version "0.13.15"
  resolved "https://mirrors.tencent.com/npm/esbuild-linux-mips64le/-/esbuild-linux-mips64le-0.13.15.tgz#36b07cc47c3d21e48db3bb1f4d9ef8f46aead4f7"
  integrity sha512-KlVjIG828uFPyJkO/8gKwy9RbXhCEUeFsCGOJBepUlpa7G8/SeZgncUEz/tOOUJTcWMTmFMtdd3GElGyAtbSWg==

esbuild-linux-ppc64le@0.13.15:
  version "0.13.15"
  resolved "https://mirrors.tencent.com/npm/esbuild-linux-ppc64le/-/esbuild-linux-ppc64le-0.13.15.tgz#f7e6bba40b9a11eb9dcae5b01550ea04670edad2"
  integrity sha512-h6gYF+OsaqEuBjeesTBtUPw0bmiDu7eAeuc2OEH9S6mV9/jPhPdhOWzdeshb0BskRZxPhxPOjqZ+/OqLcxQwEQ==

esbuild-netbsd-64@0.13.15:
  version "0.13.15"
  resolved "https://mirrors.tencent.com/npm/esbuild-netbsd-64/-/esbuild-netbsd-64-0.13.15.tgz#a2fedc549c2b629d580a732d840712b08d440038"
  integrity sha512-3+yE9emwoevLMyvu+iR3rsa+Xwhie7ZEHMGDQ6dkqP/ndFzRHkobHUKTe+NCApSqG5ce2z4rFu+NX/UHnxlh3w==

esbuild-openbsd-64@0.13.15:
  version "0.13.15"
  resolved "https://mirrors.tencent.com/npm/esbuild-openbsd-64/-/esbuild-openbsd-64-0.13.15.tgz#b22c0e5806d3a1fbf0325872037f885306b05cd7"
  integrity sha512-wTfvtwYJYAFL1fSs8yHIdf5GEE4NkbtbXtjLWjM3Cw8mmQKqsg8kTiqJ9NJQe5NX/5Qlo7Xd9r1yKMMkHllp5g==

esbuild-sunos-64@0.13.15:
  version "0.13.15"
  resolved "https://mirrors.tencent.com/npm/esbuild-sunos-64/-/esbuild-sunos-64-0.13.15.tgz#d0b6454a88375ee8d3964daeff55c85c91c7cef4"
  integrity sha512-lbivT9Bx3t1iWWrSnGyBP9ODriEvWDRiweAs69vI+miJoeKwHWOComSRukttbuzjZ8r1q0mQJ8Z7yUsDJ3hKdw==

esbuild-windows-32@0.13.15:
  version "0.13.15"
  resolved "https://mirrors.tencent.com/npm/esbuild-windows-32/-/esbuild-windows-32-0.13.15.tgz#c96d0b9bbb52f3303322582ef8e4847c5ad375a7"
  integrity sha512-fDMEf2g3SsJ599MBr50cY5ve5lP1wyVwTe6aLJsM01KtxyKkB4UT+fc5MXQFn3RLrAIAZOG+tHC+yXObpSn7Nw==

esbuild-windows-64@0.13.15:
  version "0.13.15"
  resolved "https://mirrors.tencent.com/npm/esbuild-windows-64/-/esbuild-windows-64-0.13.15.tgz#1f79cb9b1e1bb02fb25cd414cb90d4ea2892c294"
  integrity sha512-9aMsPRGDWCd3bGjUIKG/ZOJPKsiztlxl/Q3C1XDswO6eNX/Jtwu4M+jb6YDH9hRSUflQWX0XKAfWzgy5Wk54JQ==

esbuild-windows-arm64@0.13.15:
  version "0.13.15"
  resolved "https://mirrors.tencent.com/npm/esbuild-windows-arm64/-/esbuild-windows-arm64-0.13.15.tgz#482173070810df22a752c686509c370c3be3b3c3"
  integrity sha512-zzvyCVVpbwQQATaf3IG8mu1IwGEiDxKkYUdA4FpoCHi1KtPa13jeScYDjlW0Qh+ebWzpKfR2ZwvqAQkSWNcKjA==

esbuild@^0.13.2:
  version "0.13.15"
  resolved "https://mirrors.tencent.com/npm/esbuild/-/esbuild-0.13.15.tgz#db56a88166ee373f87dbb2d8798ff449e0450cdf"
  integrity sha512-raCxt02HBKv8RJxE8vkTSCXGIyKHdEdGfUmiYb8wnabnaEmHzyW7DCHb5tEN0xU8ryqg5xw54mcwnYkC4x3AIw==
  optionalDependencies:
    esbuild-android-arm64 "0.13.15"
    esbuild-darwin-64 "0.13.15"
    esbuild-darwin-arm64 "0.13.15"
    esbuild-freebsd-64 "0.13.15"
    esbuild-freebsd-arm64 "0.13.15"
    esbuild-linux-32 "0.13.15"
    esbuild-linux-64 "0.13.15"
    esbuild-linux-arm "0.13.15"
    esbuild-linux-arm64 "0.13.15"
    esbuild-linux-mips64le "0.13.15"
    esbuild-linux-ppc64le "0.13.15"
    esbuild-netbsd-64 "0.13.15"
    esbuild-openbsd-64 "0.13.15"
    esbuild-sunos-64 "0.13.15"
    esbuild-windows-32 "0.13.15"
    esbuild-windows-64 "0.13.15"
    esbuild-windows-arm64 "0.13.15"

estree-walker@^2.0.1, estree-walker@^2.0.2:
  version "2.0.2"
  resolved "https://mirrors.tencent.com/npm/estree-walker/-/estree-walker-2.0.2.tgz#52f010178c2a4c117a7757cfe942adb7d2da4cac"
  integrity sha512-Rfkk/Mp/DL7JVje3u18FxFujQlTNR2q6QfMSMB7AvCBx91NGj/ba3kCfza0f6dVDbw7YlRf/nDrn7pQrCCyQ/w==

file-saver@^2.0.5:
  version "2.0.5"
  resolved "https://mirrors.tencent.com/npm/file-saver/-/file-saver-2.0.5.tgz#d61cfe2ce059f414d899e9dd6d4107ee25670c38"
  integrity sha512-P9bmyZ3h/PRG+Nzga+rbdI4OEpNDzAVyy74uVO9ATgzLK6VtAsYybF/+TOCvrc0MO793d6+42lLyZTw7/ArVzA==

fill-range@^7.0.1:
  version "7.0.1"
  resolved "https://mirrors.tencent.com/npm/fill-range/-/fill-range-7.0.1.tgz#1919a6a7c75fe38b2c7c77e5198535da9acdda40"
  integrity sha512-qOo9F+dMUmC2Lcb4BbVvnKJxTPjCm+RRpe4gDuGrzkL7mEVl/djYSu2OdQ2Pa302N4oqkSg9ir6jaLWJ2USVpQ==
  dependencies:
    to-regex-range "^5.0.1"

follow-redirects@^1.14.4:
  version "1.14.6"
  resolved "https://mirrors.tencent.com/npm/follow-redirects/-/follow-redirects-1.14.6.tgz#8cfb281bbc035b3c067d6cd975b0f6ade6e855cd"
  integrity sha512-fhUl5EwSJbbl8AR+uYL2KQDxLkdSjZGR36xy46AO7cOMTrCMON6Sa28FmAnC2tRTDbd/Uuzz3aJBv7EBN7JH8A==

fs-extra@^10.0.0:
  version "10.0.0"
  resolved "https://mirrors.tencent.com/npm/fs-extra/-/fs-extra-10.0.0.tgz#9ff61b655dde53fb34a82df84bb214ce802e17c1"
  integrity sha512-C5owb14u9eJwizKGdchcDUQeFtlSHHthBk8pbX9Vc1PFZrLombudjDnNns88aYslCyF6IY5SUw3Roz6xShcEIQ==
  dependencies:
    graceful-fs "^4.2.0"
    jsonfile "^6.0.1"
    universalify "^2.0.0"

fsevents@~2.3.2:
  version "2.3.2"
  resolved "https://mirrors.tencent.com/npm/fsevents/-/fsevents-2.3.2.tgz#8a526f78b8fdf4623b709e0b975c52c24c02fd1a"
  integrity sha512-xiqMQR4xAeHTuB9uWm+fFRcIOgKBMiOBP+eXiyT7jsgVCq1bkVygt00oASowB7EdtpOHaaPgKt812P9ab+DDKA==

function-bind@^1.1.1:
  version "1.1.1"
  resolved "https://mirrors.tencent.com/npm/function-bind/-/function-bind-1.1.1.tgz#a56899d3ea3c9bab874bb9773b7c5ede92f4895d"
  integrity sha512-yIovAzMX49sF8Yl58fSCWJ5svSLuaibPxXQJFLmBObTuCr0Mf1KiPopGM9NiFjiYBCbfaa2Fh6breQ6ANVTI0A==

glob-parent@~5.1.2:
  version "5.1.2"
  resolved "https://mirrors.tencent.com/npm/glob-parent/-/glob-parent-5.1.2.tgz#869832c58034fe68a4093c17dc15e8340d8401c4"
  integrity sha512-AOIgSQCepiJYwP3ARnGx+5VnTu2HBYdzbGP45eLw1vr3zB3vZLeyed1sC9hnbcOc9/SrMyM5RPQrkGz4aS9Zow==
  dependencies:
    is-glob "^4.0.1"

graceful-fs@^4.1.6, graceful-fs@^4.2.0:
  version "4.2.8"
  resolved "https://mirrors.tencent.com/npm/graceful-fs/-/graceful-fs-4.2.8.tgz#e412b8d33f5e006593cbd3cee6df9f2cebbe802a"
  integrity sha512-qkIilPUYcNhJpd33n0GBXTB1MMPp14TxEsEs0pTrsSVucApsYzW5V+Q8Qxhik6KU3evy+qkAAowTByymK0avdg==

has-flag@^4.0.0:
  version "4.0.0"
  resolved "https://mirrors.tencent.com/npm/has-flag/-/has-flag-4.0.0.tgz#944771fd9c81c81265c4d6941860da06bb59479b"
  integrity sha512-EykJT/Q1KjTWctppgIAgfSO0tKVuZUjhgMr17kqTumMl6Afv3EISleU7qZUzoXDFTAHTDC4NOoG/ZxU3EvlMPQ==

has@^1.0.3:
  version "1.0.3"
  resolved "https://mirrors.tencent.com/npm/has/-/has-1.0.3.tgz#722d7cbfc1f6aa8241f16dd814e011e1f41e8796"
  integrity sha512-f2dvO0VU6Oej7RkWJGrehjbzMAjFp5/VKPp5tTpWIV4JHHZK1/BxbFRtf/siA2SWTe09caDmVtYYzWEIbBS4zw==
  dependencies:
    function-bind "^1.1.1"

import-meta-resolve@^1.1.1:
  version "1.1.1"
  resolved "https://mirrors.tencent.com/npm/import-meta-resolve/-/import-meta-resolve-1.1.1.tgz#244fd542fd1fae73550d4f8b3cde3bba1d7b2b18"
  integrity sha512-JiTuIvVyPaUg11eTrNDx5bgQ/yMKMZffc7YSjvQeSMXy58DO2SQ8BtAf3xteZvmzvjYh14wnqNjL8XVeDy2o9A==
  dependencies:
    builtins "^4.0.0"

is-binary-path@~2.1.0:
  version "2.1.0"
  resolved "https://mirrors.tencent.com/npm/is-binary-path/-/is-binary-path-2.1.0.tgz#ea1f7f3b80f064236e83470f86c09c254fb45b09"
  integrity sha512-ZMERYes6pDydyuGidse7OsHxtbI7WVeUEozgR/g7rd0xUimYNlvZRE/K2MgZTjWy725IfelLeVcEM97mmtRGXw==
  dependencies:
    binary-extensions "^2.0.0"

is-core-module@^2.2.0:
  version "2.8.0"
  resolved "https://mirrors.tencent.com/npm/is-core-module/-/is-core-module-2.8.0.tgz#0321336c3d0925e497fd97f5d95cb114a5ccd548"
  integrity sha512-vd15qHsaqrRL7dtH6QNuy0ndJmRDrS9HAM1CAiSifNUFv4x1a0CCVsj18hJ1mShxIG6T2i1sO78MkP56r0nYRw==
  dependencies:
    has "^1.0.3"

is-extglob@^2.1.1:
  version "2.1.1"
  resolved "https://mirrors.tencent.com/npm/is-extglob/-/is-extglob-2.1.1.tgz#a88c02535791f02ed37c76a1b9ea9773c833f8c2"
  integrity sha1-qIwCU1eR8C7TfHahueqXc8gz+MI=

is-glob@^4.0.1, is-glob@~4.0.1:
  version "4.0.3"
  resolved "https://mirrors.tencent.com/npm/is-glob/-/is-glob-4.0.3.tgz#64f61e42cbbb2eec2071a9dac0b28ba1e65d5084"
  integrity sha512-xelSayHH36ZgE7ZWhli7pW34hNbNl8Ojv5KVmkJD4hBdD3th8Tfk9vYasLM+mXWOZhFkgZfxhLSnrwRr4elSSg==
  dependencies:
    is-extglob "^2.1.1"

is-number@^7.0.0:
  version "7.0.0"
  resolved "https://mirrors.tencent.com/npm/is-number/-/is-number-7.0.0.tgz#7535345b896734d5f80c4d06c50955527a14f12b"
  integrity sha512-41Cifkg6e8TylSpdtTpeLVMqvSBEVzTttHvERD741+pnZ8ANv0004MRL43QKPDlK9cGvNp6NZWZUBlbGXYxxng==

js-cookie@^3.0.1:
  version "3.0.1"
  resolved "https://mirrors.tencent.com/npm/js-cookie/-/js-cookie-3.0.1.tgz#9e39b4c6c2f56563708d7d31f6f5f21873a92414"
  integrity sha512-+0rgsUXZu4ncpPxRL+lNEptWMOWl9etvPHc/koSRp6MPwpRYAhmk0dUG00J4bxVV3r9uUzfo24wW0knS07SKSw==

jsencrypt@^3.2.1:
  version "3.2.1"
  resolved "https://mirrors.tencent.com/npm/jsencrypt/-/jsencrypt-3.2.1.tgz#09766983cc760088ff26b12fe7e574252af97727"
  integrity sha512-k1sD5QV0KPn+D8uG9AdGzTQuamt82QZ3A3l6f7TRwMU6Oi2Vg0BsL+wZIQBONcraO1pc78ExMdvmBBJ8WhNYUA==

jsonfile@^6.0.1:
  version "6.1.0"
  resolved "https://mirrors.tencent.com/npm/jsonfile/-/jsonfile-6.1.0.tgz#bc55b2634793c679ec6403094eb13698a6ec0aae"
  integrity sha512-5dgndWOriYSm5cnYaJNhalLNDKOqFwyDB/rr1E9ZsGciGvKPs8R2xYGCacuf3z6K1YKDz182fd+fY3cn3pMqXQ==
  dependencies:
    universalify "^2.0.0"
  optionalDependencies:
    graceful-fs "^4.1.6"

local-pkg@^0.4.0:
  version "0.4.0"
  resolved "https://mirrors.tencent.com/npm/local-pkg/-/local-pkg-0.4.0.tgz#e6221171813d5a0812dd84fa80ffb1c8fcc00531"
  integrity sha512-2XBWjO/v63JeR1HPzLJxdTVRQDB84Av2p2KtBA5ahvpyLUPubcAU6iXlAJrONcY7aSqgJhXxElAnKtnYsRolPQ==
  dependencies:
    mlly "^0.2.2"

lodash@^4.17.21:
  version "4.17.21"
  resolved "https://mirrors.tencent.com/npm/lodash/-/lodash-4.17.21.tgz#679591c564c3bffaae8454cf0b3df370c3d6911c"
  integrity sha512-v2kDEe57lecTulaDIuNTPy3Ry4gLGJ6Z1O3vE1krgXZNrsQ+LFTGHVxVjcXPs17LhbZVGedAJv8XZ1tvj5FvSg==

lru-cache@^6.0.0:
  version "6.0.0"
  resolved "https://mirrors.tencent.com/npm/lru-cache/-/lru-cache-6.0.0.tgz#6d6fe6570ebd96aaf90fcad1dafa3b2566db3a94"
  integrity sha512-Jo6dJ04CmSjuznwJSS3pUeWmd/H0ffTlkXXgwZi+eq1UCmqQwCh+eLsYOYCwY991i2Fah4h1BEMCx4qThGbsiA==
  dependencies:
    yallist "^4.0.0"

magic-string@^0.25.7:
  version "0.25.7"
  resolved "https://mirrors.tencent.com/npm/magic-string/-/magic-string-0.25.7.tgz#3f497d6fd34c669c6798dcb821f2ef31f5445051"
  integrity sha512-4CrMT5DOHTDk4HYDlzmwu4FVCcIYI8gauveasrdCu2IKIFOJ3f0v/8MDGJCDL9oD2ppz/Av1b0Nj345H9M+XIA==
  dependencies:
    sourcemap-codec "^1.4.4"

memoize-one@^6.0.0:
  version "6.0.0"
  resolved "https://mirrors.tencent.com/npm/memoize-one/-/memoize-one-6.0.0.tgz#b2591b871ed82948aee4727dc6abceeeac8c1045"
  integrity sha512-rkpe71W0N0c0Xz6QD0eJETuWAJGnJ9afsl1srmwPrI+yBCkge5EycXXbYRyvL29zZVUWQCY7InPRCv3GDXuZNw==

mlly@^0.2.2:
  version "0.2.10"
  resolved "https://mirrors.tencent.com/npm/mlly/-/mlly-0.2.10.tgz#645902c9761dc6b5ded174b8e717147fe52e4893"
  integrity sha512-xfyW6c2QBGArtctzNnTV5leOKX8nOMz2simeubtXofdsdSJFSNw+Ncvrs8kxcN3pBrQLXuYBHNFV6NgZ5Ryf4A==
  dependencies:
    import-meta-resolve "^1.1.1"

ms@2.1.2:
  version "2.1.2"
  resolved "https://mirrors.tencent.com/npm/ms/-/ms-2.1.2.tgz#d09d1f357b443f493382a8eb3ccd183872ae6009"
  integrity sha512-sGkPx+VjMtmA6MX27oA4FBFELFCZZ4S4XqeGOXCv68tT+jb3vk/RyaKWP0PTKyWtmLSM0b+adUTEvbs1PEaH2w==

nanoid@^3.1.30:
  version "3.1.30"
  resolved "https://mirrors.tencent.com/npm/nanoid/-/nanoid-3.1.30.tgz#63f93cc548d2a113dc5dfbc63bfa09e2b9b64362"
  integrity sha512-zJpuPDwOv8D2zq2WRoMe1HsfZthVewpel9CAvTfc/2mBD1uUT/agc5f7GHGWXlYkFvi1mVxe4IjvP2HNrop7nQ==

normalize-path@^3.0.0, normalize-path@~3.0.0:
  version "3.0.0"
  resolved "https://mirrors.tencent.com/npm/normalize-path/-/normalize-path-3.0.0.tgz#0dcd69ff23a1c9b11fd0978316644a0388216a65"
  integrity sha512-6eZs5Ls3WtCisHWp9S2GUy8dqkpGi4BVSz3GaqiE6ezub0512ESztXUwUB6C6IKbQkY2Pnb/mD4WYojCRwcwLA==

normalize-wheel-es@^1.1.1:
  version "1.1.1"
  resolved "https://mirrors.tencent.com/npm/normalize-wheel-es/-/normalize-wheel-es-1.1.1.tgz#a8096db6a56f94332d884fd8ebeda88f2fc79569"
  integrity sha512-157VNH4CngrcsvF8xOVOe22cwniIR3nxSltdctvQeHZj8JttEeOXffK28jucWfWBXs0QNetAumjc1GiInnwX4w==

nprogress@^0.2.0:
  version "0.2.0"
  resolved "https://mirrors.tencent.com/npm/nprogress/-/nprogress-0.2.0.tgz#cb8f34c53213d895723fcbab907e9422adbcafb1"
  integrity sha1-y480xTIT2JVyP8urkH6UIq28r7E=

path-parse@^1.0.6:
  version "1.0.7"
  resolved "https://mirrors.tencent.com/npm/path-parse/-/path-parse-1.0.7.tgz#fbc114b60ca42b30d9daf5858e4bd68bbedb6735"
  integrity sha512-LDJzPVEEEPR+y48z93A0Ed0yXb8pAByGWo/k5YYdYgpY2/2EsOsksJrq7lOHxryrVOn1ejG6oAp8ahvOIQD8sw==

picocolors@^1.0.0:
  version "1.0.0"
  resolved "https://mirrors.tencent.com/npm/picocolors/-/picocolors-1.0.0.tgz#cb5bdc74ff3f51892236eaf79d68bc44564ab81c"
  integrity sha512-1fygroTLlHu66zi26VoTDv8yRgm0Fccecssto+MhsZ0D/DGW2sm8E8AjW7NU5VVTRt5GxbeZ5qBuJr+HyLYkjQ==

picomatch@^2.0.4, picomatch@^2.2.1, picomatch@^2.2.2:
  version "2.3.0"
  resolved "https://mirrors.tencent.com/npm/picomatch/-/picomatch-2.3.0.tgz#f1f061de8f6a4bf022892e2d128234fb98302972"
  integrity sha512-lY1Q/PiJGC2zOv/z391WOTD+Z02bCgsFfvxoXXf6h7kv9o+WmsmzYqrAwY63sNgOxE4xEdq0WyUnXfKeBrSvYw==

postcss@^8.1.10, postcss@^8.3.8:
  version "8.4.5"
  resolved "https://mirrors.tencent.com/npm/postcss/-/postcss-8.4.5.tgz#bae665764dfd4c6fcc24dc0fdf7e7aa00cc77f95"
  integrity sha512-jBDboWM8qpaqwkMwItqTQTiFikhs/67OYVvblFFTM7MrZjt6yMKd6r2kgXizEbTTljacm4NldIlZnhbjr84QYg==
  dependencies:
    nanoid "^3.1.30"
    picocolors "^1.0.0"
    source-map-js "^1.0.1"

readdirp@~3.6.0:
  version "3.6.0"
  resolved "https://mirrors.tencent.com/npm/readdirp/-/readdirp-3.6.0.tgz#74a370bd857116e245b29cc97340cd431a02a6c7"
  integrity sha512-hOS089on8RduqdbhvQ5Z37A0ESjsqz6qnRcffsMU3495FuTdqSm+7bhJ29JvIOsBDEEnan5DPu9t3To9VRlMzA==
  dependencies:
    picomatch "^2.2.1"

resolve@^1.20.0:
  version "1.20.0"
  resolved "https://mirrors.tencent.com/npm/resolve/-/resolve-1.20.0.tgz#629a013fb3f70755d6f0b7935cc1c2c5378b1975"
  integrity sha512-wENBPt4ySzg4ybFQW2TT1zMQucPK95HSh/nq2CFTZVOGut2+pQvSsgtda4d26YrYcr067wjbmzOG8byDPBX63A==
  dependencies:
    is-core-module "^2.2.0"
    path-parse "^1.0.6"

rollup@^2.57.0:
  version "2.62.0"
  resolved "https://mirrors.tencent.com/npm/rollup/-/rollup-2.62.0.tgz#9e640b419fc5b9e0241844f6d55258bd79986ecc"
  integrity sha512-cJEQq2gwB0GWMD3rYImefQTSjrPYaC6s4J9pYqnstVLJ1CHa/aZNVkD4Epuvg4iLeMA4KRiq7UM7awKK6j7jcw==
  optionalDependencies:
    fsevents "~2.3.2"

sass@1.43.4:
  version "1.43.4"
  resolved "https://mirrors.tencent.com/npm/sass/-/sass-1.43.4.tgz#68c7d6a1b004bef49af0d9caf750e9b252105d1f"
  integrity sha512-/ptG7KE9lxpGSYiXn7Ar+lKOv37xfWsZRtFYal2QHNigyVQDx685VFT/h7ejVr+R8w7H4tmUgtulsKl5YpveOg==
  dependencies:
    chokidar ">=3.0.0 <4.0.0"

semver@^7.0.0:
  version "7.3.5"
  resolved "https://mirrors.tencent.com/npm/semver/-/semver-7.3.5.tgz#0b621c879348d8998e4b0e4be94b3f12e6018ef7"
  integrity sha512-PoeGJYh8HK4BTO/a9Tf6ZG3veo/A7ZVsYrSA6J8ny9nb3B1VrpkuN+z9OE5wfE5p6H4LchYZsegiQgbJD94ZFQ==
  dependencies:
    lru-cache "^6.0.0"

source-map-js@^1.0.1:
  version "1.0.1"
  resolved "https://mirrors.tencent.com/npm/source-map-js/-/source-map-js-1.0.1.tgz#a1741c131e3c77d048252adfa24e23b908670caf"
  integrity sha512-4+TN2b3tqOCd/kaGRJ/sTYA0tR0mdXx26ipdolxcwtJVqEnqNYvlCAt1q3ypy4QMlYus+Zh34RNtYLoq2oQ4IA==

source-map@^0.6.1:
  version "0.6.1"
  resolved "https://mirrors.tencent.com/npm/source-map/-/source-map-0.6.1.tgz#74722af32e9614e9c287a8d0bbde48b5e2f1a263"
  integrity sha512-UjgapumWlbMhkBgzT7Ykc5YXUT46F0iKu8SGXq0bcwP5dz/h0Plj6enJqjz1Zbq2l5WaqYnrVbwWOWMyF3F47g==

sourcemap-codec@^1.4.4:
  version "1.4.8"
  resolved "https://mirrors.tencent.com/npm/sourcemap-codec/-/sourcemap-codec-1.4.8.tgz#ea804bd94857402e6992d05a38ef1ae35a9ab4c4"
  integrity sha512-9NykojV5Uih4lgo5So5dtw+f0JgJX30KCNI8gwhz2J9A15wD0Ml6tjHKwf6fTSa6fAdVBdZeNOs9eJ71qCk8vA==

supports-color@^7.1.0:
  version "7.2.0"
  resolved "https://mirrors.tencent.com/npm/supports-color/-/supports-color-7.2.0.tgz#1b7dcdcb32b8138801b3e478ba6a51caa89648da"
  integrity sha512-qpCAvRl9stuOHveKsn7HncJRvv501qIacKzQlO/+Lwxc9+0q2wLyv4Dfvt80/DPn2pqOBsJdDiogXGR9+OvwRw==
  dependencies:
    has-flag "^4.0.0"

to-regex-range@^5.0.1:
  version "5.0.1"
  resolved "https://mirrors.tencent.com/npm/to-regex-range/-/to-regex-range-5.0.1.tgz#1648c44aae7c8d988a326018ed72f5b4dd0392e4"
  integrity sha512-65P7iz6X5yEr1cwcgvQxbbIw7Uk3gOy5dIdtZ4rDveLqhrdJP+Li/Hx6tyK0NEb+2GCyneCMJiGqrADCSNk8sQ==
  dependencies:
    is-number "^7.0.0"

tslib@2.3.0:
  version "2.3.0"
  resolved "https://mirrors.tencent.com/npm/tslib/-/tslib-2.3.0.tgz#803b8cdab3e12ba581a4ca41c8839bbb0dacb09e"
  integrity sha512-N82ooyxVNm6h1riLCoyS9e3fuJ3AMG2zIZs2Gd1ATcSFjSA23Q0fzjjZeh0jbJvWVDZ0cJT8yaNNaaXHzueNjg==

universalify@^2.0.0:
  version "2.0.0"
  resolved "https://mirrors.tencent.com/npm/universalify/-/universalify-2.0.0.tgz#75a4984efedc4b08975c5aeb73f530d02df25717"
  integrity sha512-hAZsKq7Yy11Zu1DE0OzWjw7nnLZmJZYTDZZyEFHZdUhV8FkH5MCfoU1XMaxXovpyW5nq5scPqq0ZDP9Zyl04oQ==

unplugin-auto-import@0.4.18:
  version "0.4.18"
  resolved "https://mirrors.tencent.com/npm/unplugin-auto-import/-/unplugin-auto-import-0.4.18.tgz#01a21257fb2f98259ca9fb5cf72d40eeedfbc93a"
  integrity sha512-cbb6uuNo07ZyeaTQtFChDWxpApZC5z9aKBCR2SxLzJ8JYY70kDuS9MFOCfRB+v96rLbtenjdsgBlErYGqA+9zQ==
  dependencies:
    "@antfu/utils" "^0.3.0"
    "@rollup/pluginutils" "^4.1.1"
    local-pkg "^0.4.0"
    magic-string "^0.25.7"
    resolve "^1.20.0"
    unplugin "^0.2.21"

unplugin@^0.2.21:
  version "0.2.21"
  resolved "https://mirrors.tencent.com/npm/unplugin/-/unplugin-0.2.21.tgz#7852cddd9f78f0b32881812fd2efd5a39dcc64e5"
  integrity sha512-IJ15/L5XbhnV7J09Zjk0FT5HEkBjkXucWAXQWRsmEtUxmmxwh23yavrmDbCF6ZPxWiVB28+wnKIHePTRRpQPbQ==
  dependencies:
    webpack-virtual-modules "^0.4.3"

vite-plugin-compression@0.3.5:
  version "0.3.5"
  resolved "https://mirrors.tencent.com/npm/vite-plugin-compression/-/vite-plugin-compression-0.3.5.tgz#1e5338eb43e60128de6d6f22b2aabf0e3dc0c17f"
  integrity sha512-W+zKccNTDRYPsM6MzbVGTX2hvnsVrxKfmGD2Z23VgqinFKhtmwGzNNFsnbslXbeTGHXclaE7MO5nm7O1cNY3ZA==
  dependencies:
    chalk "^4.1.2"
    debug "^4.3.2"
    fs-extra "^10.0.0"

vite-plugin-vue-setup-extend@0.1.0:
  version "0.1.0"
  resolved "https://mirrors.tencent.com/npm/vite-plugin-vue-setup-extend/-/vite-plugin-vue-setup-extend-0.1.0.tgz#9f08efbbc2aed103f549b3696dee5d462db23f38"
  integrity sha512-emS0pGCeWDdzxIpHzlPMaPv4HrNJMlXSkkzOFi110MrkyNweJv4TrDpB0ZYtjd+JywqjUCA3/cl3CuJBbv6qzw==
  dependencies:
    "@vue/compiler-sfc" "^3.2.6"
    magic-string "^0.25.7"

vite@2.6.14:
  version "2.6.14"
  resolved "https://mirrors.tencent.com/npm/vite/-/vite-2.6.14.tgz#35c09a15e4df823410819a2a239ab11efb186271"
  integrity sha512-2HA9xGyi+EhY2MXo0+A2dRsqsAG3eFNEVIo12olkWhOmc8LfiM+eMdrXf+Ruje9gdXgvSqjLI9freec1RUM5EA==
  dependencies:
    esbuild "^0.13.2"
    postcss "^8.3.8"
    resolve "^1.20.0"
    rollup "^2.57.0"
  optionalDependencies:
    fsevents "~2.3.2"

vue-demi@*:
  version "0.12.1"
  resolved "https://mirrors.tencent.com/npm/vue-demi/-/vue-demi-0.12.1.tgz#f7e18efbecffd11ab069d1472d7a06e319b4174c"
  integrity sha512-QL3ny+wX8c6Xm1/EZylbgzdoDolye+VpCXRhI2hug9dJTP3OUJ3lmiKN3CsVV3mOJKwFi0nsstbgob0vG7aoIw==

vue-router@4.0.12:
  version "4.0.12"
  resolved "https://mirrors.tencent.com/npm/vue-router/-/vue-router-4.0.12.tgz#8dc792cddf5bb1abcc3908f9064136de7e13c460"
  integrity sha512-CPXvfqe+mZLB1kBWssssTiWg4EQERyqJZes7USiqfW9B5N2x+nHlnsM1D3b5CaJ6qgCvMmYJnz+G0iWjNCvXrg==
  dependencies:
    "@vue/devtools-api" "^6.0.0-beta.18"

vue@3.2.22:
  version "3.2.22"
  resolved "https://mirrors.tencent.com/npm/vue/-/vue-3.2.22.tgz#46e4dd89e98cc4b851ae1eb35f00ced413a34bb7"
  integrity sha512-KD5nZpXVZquOC6926Xnp3zOvswrUyO9Rya7ZUoxWFQEjFDW4iACtwzubRB4Um2Om9kj6CaJOqAVRDSFlqLpdgw==
  dependencies:
    "@vue/compiler-dom" "3.2.22"
    "@vue/compiler-sfc" "3.2.22"
    "@vue/runtime-dom" "3.2.22"
    "@vue/server-renderer" "3.2.22"
    "@vue/shared" "3.2.22"

vuex@4.0.2:
  version "4.0.2"
  resolved "https://mirrors.tencent.com/npm/vuex/-/vuex-4.0.2.tgz#f896dbd5bf2a0e963f00c67e9b610de749ccacc9"
  integrity sha512-M6r8uxELjZIK8kTKDGgZTYX/ahzblnzC4isU1tpmEuOIIKmV+TRdc+H4s8ds2NuZ7wpUTdGRzJRtoj+lI+pc0Q==
  dependencies:
    "@vue/devtools-api" "^6.0.0-beta.11"

webpack-virtual-modules@^0.4.3:
  version "0.4.3"
  resolved "https://mirrors.tencent.com/npm/webpack-virtual-modules/-/webpack-virtual-modules-0.4.3.tgz#cd597c6d51d5a5ecb473eea1983a58fa8a17ded9"
  integrity sha512-5NUqC2JquIL2pBAAo/VfBP6KuGkHIZQXW/lNKupLPfhViwh8wNsu0BObtl09yuKZszeEUfbXz8xhrHvSG16Nqw==

yallist@^4.0.0:
  version "4.0.0"
  resolved "https://mirrors.tencent.com/npm/yallist/-/yallist-4.0.0.tgz#9bb92790d9c0effec63be73519e11a35019a3a72"
  integrity sha512-3wdGidZyq5PB084XLES5TpOSRA3wjXAlIWMhum2kRcv/41Sn2emQ0dycQW4uZXLejwKvg6EsvbdlVL+FYEct7A==

zrender@5.2.1:
  version "5.2.1"
  resolved "https://mirrors.tencent.com/npm/zrender/-/zrender-5.2.1.tgz#5f4bbda915ba6d412b0b19dc2431beaad05417bb"
  integrity sha512-M3bPGZuyLTNBC6LiNKXJwSCtglMp8XUEqEBG+2MdICDI3d1s500Y4P0CzldQGsqpRVB7fkvf3BKQQRxsEaTlsw==
  dependencies:
    tslib "2.3.0"
